
Microsoft Visual Studio Solution File, Format Version 12.00
# Visual Studio Version 16
VisualStudioVersion = 25.0.1703.4
MinimumVisualStudioVersion = 10.0.40219.1
Project("{FAE04EC0-301F-11D3-BF4B-00C04F79EFBC}") = "guessGame", "guessGame\guessGame.csproj", "{3813393B-248E-4F1D-8EAD-115601FAECDB}"
EndProject
Project("{FAE04EC0-301F-11D3-BF4B-00C04F79EFBC}") = "guessGameTest", "guessGameTest\guessGameTest.csproj", "{5DECB051-2FFD-49CF-9C19-51DF982108BB}"
EndProject
Global
	GlobalSection(SolutionConfigurationPlatforms) = preSolution
		Debug|Any CPU = Debug|Any CPU
		Release|Any CPU = Release|Any CPU
	EndGlobalSection
	GlobalSection(ProjectConfigurationPlatforms) = postSolution
		{3813393B-248E-4F1D-8EAD-115601FAECDB}.Debug|Any CPU.ActiveCfg = Debug|Any CPU
		{3813393B-248E-4F1D-8EAD-115601FAECDB}.Debug|Any CPU.Build.0 = Debug|Any CPU
		{3813393B-248E-4F1D-8EAD-115601FAECDB}.Release|Any CPU.ActiveCfg = Release|Any CPU
		{3813393B-248E-4F1D-8EAD-115601FAECDB}.Release|Any CPU.Build.0 = Release|Any CPU
		{5DECB051-2FFD-49CF-9C19-51DF982108BB}.Debug|Any CPU.ActiveCfg = Debug|Any CPU
		{5DECB051-2FFD-49CF-9C19-51DF982108BB}.Debug|Any CPU.Build.0 = Debug|Any CPU
		{5DECB051-2FFD-49CF-9C19-51DF982108BB}.Release|Any CPU.ActiveCfg = Release|Any CPU
		{5DECB051-2FFD-49CF-9C19-51DF982108BB}.Release|Any CPU.Build.0 = Release|Any CPU
	EndGlobalSection
	GlobalSection(SolutionProperties) = preSolution
		HideSolutionNode = FALSE
	EndGlobalSection
	GlobalSection(ExtensibilityGlobals) = postSolution
		SolutionGuid = {A846949A-832D-40C9-A12F-CA083A077354}
	EndGlobalSection
EndGlobal
